
Microsoft Visual Studio Solution File, Format Version 12.00
# Visual Studio 15
VisualStudioVersion = 15.0.27703.2000
MinimumVisualStudioVersion = 10.0.40219.1
Project("{8BC9CEB8-8B4A-11D0-8D11-00A0C91BC942}") = "SFML_Asteroids", "SFML_Asteroids\SFML_Asteroids.vcxproj", "{F93C8295-B30F-408D-B9C3-B93F4289001F}"
EndProject
Global
	GlobalSection(SolutionConfigurationPlatforms) = preSolution
		Debug|x64 = Debug|x64
		Debug|x86 = Debug|x86
		Release|x64 = Release|x64
		Release|x86 = Release|x86
	EndGlobalSection
	GlobalSection(ProjectConfigurationPlatforms) = postSolution
		{F93C8295-B30F-408D-B9C3-B93F4289001F}.Debug|x64.ActiveCfg = Debug|x64
		{F93C8295-B30F-408D-B9C3-B93F4289001F}.Debug|x64.Build.0 = Debug|x64
		{F93C8295-B30F-408D-B9C3-B93F4289001F}.Debug|x86.ActiveCfg = Debug|Win32
		{F93C8295-B30F-408D-B9C3-B93F4289001F}.Debug|x86.Build.0 = Debug|Win32
		{F93C8295-B30F-408D-B9C3-B93F4289001F}.Release|x64.ActiveCfg = Release|x64
		{F93C8295-B30F-408D-B9C3-B93F4289001F}.Release|x64.Build.0 = Release|x64
		{F93C8295-B30F-408D-B9C3-B93F4289001F}.Release|x86.ActiveCfg = Release|Win32
		{F93C8295-B30F-408D-B9C3-B93F4289001F}.Release|x86.Build.0 = Release|Win32
	EndGlobalSection
	GlobalSection(SolutionProperties) = preSolution
		HideSolutionNode = FALSE
	EndGlobalSection
	GlobalSection(ExtensibilityGlobals) = postSolution
		SolutionGuid = {2F09D9E3-0E6A-4FE1-9FA9-82539C73FEC0}
	EndGlobalSection
EndGlobal
